
Microsoft Visual Studio Solution File, Format Version 12.00
# Visual Studio 15
VisualStudioVersion = 15.0.27004.2008
MinimumVisualStudioVersion = 10.0.40219.1
Project("{9A19103F-16F7-4668-BE54-9A1E7A4F7556}") = "MoatGate", "MoatGate\MoatGate.csproj", "{88F93623-3BC6-4795-9F36-D6CC93D63577}"
EndProject
Project("{9A19103F-16F7-4668-BE54-9A1E7A4F7556}") = "IdentityServer4", "IdentityServer4\src\IdentityServer4\IdentityServer4.csproj", "{A79BC5A3-4271-449B-A89B-191D7A5FFAF7}"
EndProject
Project("{9A19103F-16F7-4668-BE54-9A1E7A4F7556}") = "IdentityServer4.AspNetIdentity", "IdentityServer4.AspNetIdentity\src\IdentityServer4.AspNetIdentity\IdentityServer4.AspNetIdentity.csproj", "{B5A1FEDA-2E0D-423A-8647-5F6107188F77}"
EndProject
Project("{9A19103F-16F7-4668-BE54-9A1E7A4F7556}") = "IdentityServer4.EntityFramework", "IdentityServer4.EntityFramework\src\IdentityServer4.EntityFramework\IdentityServer4.EntityFramework.csproj", "{AA99BF06-FDCE-4BA3-9AEB-E15340C2CF43}"
EndProject
Global
	GlobalSection(SolutionConfigurationPlatforms) = preSolution
		Debug|Any CPU = Debug|Any CPU
		Release|Any CPU = Release|Any CPU
	EndGlobalSection
	GlobalSection(ProjectConfigurationPlatforms) = postSolution
		{88F93623-3BC6-4795-9F36-D6CC93D63577}.Debug|Any CPU.ActiveCfg = Debug|Any CPU
		{88F93623-3BC6-4795-9F36-D6CC93D63577}.Debug|Any CPU.Build.0 = Debug|Any CPU
		{88F93623-3BC6-4795-9F36-D6CC93D63577}.Release|Any CPU.ActiveCfg = Release|Any CPU
		{88F93623-3BC6-4795-9F36-D6CC93D63577}.Release|Any CPU.Build.0 = Release|Any CPU
		{A79BC5A3-4271-449B-A89B-191D7A5FFAF7}.Debug|Any CPU.ActiveCfg = Debug|Any CPU
		{A79BC5A3-4271-449B-A89B-191D7A5FFAF7}.Debug|Any CPU.Build.0 = Debug|Any CPU
		{A79BC5A3-4271-449B-A89B-191D7A5FFAF7}.Release|Any CPU.ActiveCfg = Release|Any CPU
		{A79BC5A3-4271-449B-A89B-191D7A5FFAF7}.Release|Any CPU.Build.0 = Release|Any CPU
		{B5A1FEDA-2E0D-423A-8647-5F6107188F77}.Debug|Any CPU.ActiveCfg = Debug|Any CPU
		{B5A1FEDA-2E0D-423A-8647-5F6107188F77}.Debug|Any CPU.Build.0 = Debug|Any CPU
		{B5A1FEDA-2E0D-423A-8647-5F6107188F77}.Release|Any CPU.ActiveCfg = Release|Any CPU
		{B5A1FEDA-2E0D-423A-8647-5F6107188F77}.Release|Any CPU.Build.0 = Release|Any CPU
		{AA99BF06-FDCE-4BA3-9AEB-E15340C2CF43}.Debug|Any CPU.ActiveCfg = Debug|Any CPU
		{AA99BF06-FDCE-4BA3-9AEB-E15340C2CF43}.Debug|Any CPU.Build.0 = Debug|Any CPU
		{AA99BF06-FDCE-4BA3-9AEB-E15340C2CF43}.Release|Any CPU.ActiveCfg = Release|Any CPU
		{AA99BF06-FDCE-4BA3-9AEB-E15340C2CF43}.Release|Any CPU.Build.0 = Release|Any CPU
	EndGlobalSection
	GlobalSection(SolutionProperties) = preSolution
		HideSolutionNode = FALSE
	EndGlobalSection
	GlobalSection(ExtensibilityGlobals) = postSolution
		SolutionGuid = {78A938DD-6188-4473-A2C9-ACF01200F0F8}
	EndGlobalSection
EndGlobal
